
Microsoft Visual Studio Solution File, Format Version 12.00
# Visual Studio Version 16
VisualStudioVersion = 16.0.31205.134
MinimumVisualStudioVersion = 10.0.40219.1
Project("{FAE04EC0-301F-11D3-BF4B-00C04F79EFBC}") = "ASP.NET Core Web API project", "ASP.NET Core Web API project\ASP.NET Core Web API project.csproj", "{78F2AED5-3D69-426A-B74B-F666CF6ABEB0}"
EndProject
Global
	GlobalSection(SolutionConfigurationPlatforms) = preSolution
		Debug|Any CPU = Debug|Any CPU
		Release|Any CPU = Release|Any CPU
	EndGlobalSection
	GlobalSection(ProjectConfigurationPlatforms) = postSolution
		{78F2AED5-3D69-426A-B74B-F666CF6ABEB0}.Debug|Any CPU.ActiveCfg = Debug|Any CPU
		{78F2AED5-3D69-426A-B74B-F666CF6ABEB0}.Debug|Any CPU.Build.0 = Debug|Any CPU
		{78F2AED5-3D69-426A-B74B-F666CF6ABEB0}.Release|Any CPU.ActiveCfg = Release|Any CPU
		{78F2AED5-3D69-426A-B74B-F666CF6ABEB0}.Release|Any CPU.Build.0 = Release|Any CPU
	EndGlobalSection
	GlobalSection(SolutionProperties) = preSolution
		HideSolutionNode = FALSE
	EndGlobalSection
	GlobalSection(ExtensibilityGlobals) = postSolution
		SolutionGuid = {A78AA647-7665-44E6-82AF-1F5312368028}
	EndGlobalSection
EndGlobal
